
Microsoft Visual Studio Solution File, Format Version 12.00
Project("{FAE04EC0-301F-11D3-BF4B-00C04F79EFBC}") = "Girteka.AggregationApp", "Girteka.AggregationApp\Girteka.AggregationApp.csproj", "{7699A52C-967A-490B-BB42-C4A184286384}"
EndProject
Global
	GlobalSection(SolutionConfigurationPlatforms) = preSolution
		Debug|Any CPU = Debug|Any CPU
		Release|Any CPU = Release|Any CPU
	EndGlobalSection
	GlobalSection(ProjectConfigurationPlatforms) = postSolution
		{7699A52C-967A-490B-BB42-C4A184286384}.Debug|Any CPU.ActiveCfg = Debug|Any CPU
		{7699A52C-967A-490B-BB42-C4A184286384}.Debug|Any CPU.Build.0 = Debug|Any CPU
		{7699A52C-967A-490B-BB42-C4A184286384}.Release|Any CPU.ActiveCfg = Release|Any CPU
		{7699A52C-967A-490B-BB42-C4A184286384}.Release|Any CPU.Build.0 = Release|Any CPU
	EndGlobalSection
EndGlobal
